<Solution>
  <Folder Name="/src/">
    <Project Path="src/Chat.Core/Chat.Core.csproj" />
    <Project Path="src/Chat.Adapter.ModelRunner/Chat.Adapter.ModelRunner.csproj" />
    <Project Path="src/LocalAiFront/LocalAiFront.csproj" />
  </Folder>
  <Folder Name="/tests/">
    <Project Path="tests/Chat.Tests/Chat.Tests.csproj" />
  </Folder>
</Solution>
